
Microsoft Visual Studio Solution File, Format Version 12.00
# Visual Studio Version 17
VisualStudioVersion = 17.10.35027.167
MinimumVisualStudioVersion = 10.0.40219.1
Project("{FAE04EC0-301F-11D3-BF4B-00C04F79EFBC}") = "Contactly", "Contactly\Contactly.csproj", "{417F31CC-B06A-4D23-8B8E-5D26C6FE36EA}"
EndProject
Global
	GlobalSection(SolutionConfigurationPlatforms) = preSolution
		Debug|Any CPU = Debug|Any CPU
		Release|Any CPU = Release|Any CPU
	EndGlobalSection
	GlobalSection(ProjectConfigurationPlatforms) = postSolution
		{417F31CC-B06A-4D23-8B8E-5D26C6FE36EA}.Debug|Any CPU.ActiveCfg = Debug|Any CPU
		{417F31CC-B06A-4D23-8B8E-5D26C6FE36EA}.Debug|Any CPU.Build.0 = Debug|Any CPU
		{417F31CC-B06A-4D23-8B8E-5D26C6FE36EA}.Release|Any CPU.ActiveCfg = Release|Any CPU
		{417F31CC-B06A-4D23-8B8E-5D26C6FE36EA}.Release|Any CPU.Build.0 = Release|Any CPU
	EndGlobalSection
	GlobalSection(SolutionProperties) = preSolution
		HideSolutionNode = FALSE
	EndGlobalSection
	GlobalSection(ExtensibilityGlobals) = postSolution
		SolutionGuid = {4D922733-F692-471B-B72C-88BC8EC1D2E9}
	EndGlobalSection
EndGlobal
